
Microsoft Visual Studio Solution File, Format Version 12.00
# Visual Studio Version 17
VisualStudioVersion = 17.8.34330.188
MinimumVisualStudioVersion = 10.0.40219.1
Project("{FAE04EC0-301F-11D3-BF4B-00C04F79EFBC}") = "HealthAPI", "HealthAPI\HealthAPI.csproj", "{6B6B0E93-78B4-47B0-A051-F81083FFD86F}"
EndProject
Global
	GlobalSection(SolutionConfigurationPlatforms) = preSolution
		Debug|Any CPU = Debug|Any CPU
		Release|Any CPU = Release|Any CPU
	EndGlobalSection
	GlobalSection(ProjectConfigurationPlatforms) = postSolution
		{6B6B0E93-78B4-47B0-A051-F81083FFD86F}.Debug|Any CPU.ActiveCfg = Debug|Any CPU
		{6B6B0E93-78B4-47B0-A051-F81083FFD86F}.Debug|Any CPU.Build.0 = Debug|Any CPU
		{6B6B0E93-78B4-47B0-A051-F81083FFD86F}.Release|Any CPU.ActiveCfg = Release|Any CPU
		{6B6B0E93-78B4-47B0-A051-F81083FFD86F}.Release|Any CPU.Build.0 = Release|Any CPU
	EndGlobalSection
	GlobalSection(SolutionProperties) = preSolution
		HideSolutionNode = FALSE
	EndGlobalSection
	GlobalSection(ExtensibilityGlobals) = postSolution
		SolutionGuid = {26FA45CC-AE2C-4FF4-A68F-C2A26879CE85}
	EndGlobalSection
EndGlobal
